
Microsoft Visual Studio Solution File, Format Version 12.00
# Visual Studio Version 17
VisualStudioVersion = 17.7.34202.233
MinimumVisualStudioVersion = 10.0.40219.1
Project("{FAE04EC0-301F-11D3-BF4B-00C04F79EFBC}") = "Wpf3", "Wpf3\Wpf3.csproj", "{126E834D-03A5-457E-A517-664D221F8526}"
EndProject
Global
	GlobalSection(SolutionConfigurationPlatforms) = preSolution
		Debug|Any CPU = Debug|Any CPU
		Release|Any CPU = Release|Any CPU
	EndGlobalSection
	GlobalSection(ProjectConfigurationPlatforms) = postSolution
		{126E834D-03A5-457E-A517-664D221F8526}.Debug|Any CPU.ActiveCfg = Debug|Any CPU
		{126E834D-03A5-457E-A517-664D221F8526}.Debug|Any CPU.Build.0 = Debug|Any CPU
		{126E834D-03A5-457E-A517-664D221F8526}.Release|Any CPU.ActiveCfg = Release|Any CPU
		{126E834D-03A5-457E-A517-664D221F8526}.Release|Any CPU.Build.0 = Release|Any CPU
	EndGlobalSection
	GlobalSection(SolutionProperties) = preSolution
		HideSolutionNode = FALSE
	EndGlobalSection
	GlobalSection(ExtensibilityGlobals) = postSolution
		SolutionGuid = {5E246A10-562D-4557-AFFF-B77BF75A7010}
	EndGlobalSection
EndGlobal
